
Microsoft Visual Studio Solution File, Format Version 12.00
# Visual Studio Version 17
VisualStudioVersion = 17.10.35027.167
MinimumVisualStudioVersion = 10.0.40219.1
Project("{FAE04EC0-301F-11D3-BF4B-00C04F79EFBC}") = "NoRepetationLongestSubstring", "NoRepetationLongestSubstring.csproj", "{92F48F37-37D1-4539-AED8-DCADB38EA943}"
EndProject
Global
	GlobalSection(SolutionConfigurationPlatforms) = preSolution
		Debug|Any CPU = Debug|Any CPU
		Release|Any CPU = Release|Any CPU
	EndGlobalSection
	GlobalSection(ProjectConfigurationPlatforms) = postSolution
		{92F48F37-37D1-4539-AED8-DCADB38EA943}.Debug|Any CPU.ActiveCfg = Debug|Any CPU
		{92F48F37-37D1-4539-AED8-DCADB38EA943}.Debug|Any CPU.Build.0 = Debug|Any CPU
		{92F48F37-37D1-4539-AED8-DCADB38EA943}.Release|Any CPU.ActiveCfg = Release|Any CPU
		{92F48F37-37D1-4539-AED8-DCADB38EA943}.Release|Any CPU.Build.0 = Release|Any CPU
	EndGlobalSection
	GlobalSection(SolutionProperties) = preSolution
		HideSolutionNode = FALSE
	EndGlobalSection
	GlobalSection(ExtensibilityGlobals) = postSolution
		SolutionGuid = {B2FFF512-F9FB-481D-B511-88F6BEC4185A}
	EndGlobalSection
EndGlobal
