
Microsoft Visual Studio Solution File, Format Version 12.00
# Visual Studio Version 17
VisualStudioVersion = 17.13.35828.75 d17.13
MinimumVisualStudioVersion = 10.0.40219.1
Project("{FAE04EC0-301F-11D3-BF4B-00C04F79EFBC}") = "LogFileCreation", "LogFileCreation\LogFileCreation.csproj", "{3B1446B0-5965-424E-8AA1-8D832F8184DD}"
EndProject
Global
	GlobalSection(SolutionConfigurationPlatforms) = preSolution
		Debug|Any CPU = Debug|Any CPU
		Release|Any CPU = Release|Any CPU
	EndGlobalSection
	GlobalSection(ProjectConfigurationPlatforms) = postSolution
		{3B1446B0-5965-424E-8AA1-8D832F8184DD}.Debug|Any CPU.ActiveCfg = Debug|Any CPU
		{3B1446B0-5965-424E-8AA1-8D832F8184DD}.Debug|Any CPU.Build.0 = Debug|Any CPU
		{3B1446B0-5965-424E-8AA1-8D832F8184DD}.Release|Any CPU.ActiveCfg = Release|Any CPU
		{3B1446B0-5965-424E-8AA1-8D832F8184DD}.Release|Any CPU.Build.0 = Release|Any CPU
	EndGlobalSection
	GlobalSection(SolutionProperties) = preSolution
		HideSolutionNode = FALSE
	EndGlobalSection
	GlobalSection(ExtensibilityGlobals) = postSolution
		SolutionGuid = {F9AF8984-2C3E-4246-A925-71B6E2F1589A}
	EndGlobalSection
EndGlobal
