
Microsoft Visual Studio Solution File, Format Version 12.00
# Visual Studio Version 17
VisualStudioVersion = 17.10.35027.167
MinimumVisualStudioVersion = 10.0.40219.1
Project("{FAE04EC0-301F-11D3-BF4B-00C04F79EFBC}") = "SwapLastTwo", "SwapLastTwo.csproj", "{3919361B-1694-4309-8395-C43632998CC4}"
EndProject
Global
	GlobalSection(SolutionConfigurationPlatforms) = preSolution
		Debug|Any CPU = Debug|Any CPU
		Release|Any CPU = Release|Any CPU
	EndGlobalSection
	GlobalSection(ProjectConfigurationPlatforms) = postSolution
		{3919361B-1694-4309-8395-C43632998CC4}.Debug|Any CPU.ActiveCfg = Debug|Any CPU
		{3919361B-1694-4309-8395-C43632998CC4}.Debug|Any CPU.Build.0 = Debug|Any CPU
		{3919361B-1694-4309-8395-C43632998CC4}.Release|Any CPU.ActiveCfg = Release|Any CPU
		{3919361B-1694-4309-8395-C43632998CC4}.Release|Any CPU.Build.0 = Release|Any CPU
	EndGlobalSection
	GlobalSection(SolutionProperties) = preSolution
		HideSolutionNode = FALSE
	EndGlobalSection
	GlobalSection(ExtensibilityGlobals) = postSolution
		SolutionGuid = {4754D5C2-1091-458F-ADB7-F8AF5C152286}
	EndGlobalSection
EndGlobal
