
Microsoft Visual Studio Solution File, Format Version 12.00
# Visual Studio Version 17
VisualStudioVersion = 17.13.35828.75 d17.13
MinimumVisualStudioVersion = 10.0.40219.1
Project("{FAE04EC0-301F-11D3-BF4B-00C04F79EFBC}") = "ProcessPaymentInterface", "ProcessPaymentInterface\ProcessPaymentInterface.csproj", "{90CD87DC-455A-4ACE-917B-721106D36052}"
EndProject
Global
	GlobalSection(SolutionConfigurationPlatforms) = preSolution
		Debug|Any CPU = Debug|Any CPU
		Release|Any CPU = Release|Any CPU
	EndGlobalSection
	GlobalSection(ProjectConfigurationPlatforms) = postSolution
		{90CD87DC-455A-4ACE-917B-721106D36052}.Debug|Any CPU.ActiveCfg = Debug|Any CPU
		{90CD87DC-455A-4ACE-917B-721106D36052}.Debug|Any CPU.Build.0 = Debug|Any CPU
		{90CD87DC-455A-4ACE-917B-721106D36052}.Release|Any CPU.ActiveCfg = Release|Any CPU
		{90CD87DC-455A-4ACE-917B-721106D36052}.Release|Any CPU.Build.0 = Release|Any CPU
	EndGlobalSection
	GlobalSection(SolutionProperties) = preSolution
		HideSolutionNode = FALSE
	EndGlobalSection
	GlobalSection(ExtensibilityGlobals) = postSolution
		SolutionGuid = {CE9709BE-6A33-46EF-9DC9-2CB798268455}
	EndGlobalSection
EndGlobal
