
Microsoft Visual Studio Solution File, Format Version 12.00
# Visual Studio Version 17
VisualStudioVersion = 17.13.35828.75 d17.13
MinimumVisualStudioVersion = 10.0.40219.1
Project("{FAE04EC0-301F-11D3-BF4B-00C04F79EFBC}") = "Constructor_Inheritence_Example", "Constructor_Inheritence_Example.csproj", "{DB88ED88-45A9-4F4D-9A64-82BBE6042027}"
EndProject
Global
	GlobalSection(SolutionConfigurationPlatforms) = preSolution
		Debug|Any CPU = Debug|Any CPU
		Release|Any CPU = Release|Any CPU
	EndGlobalSection
	GlobalSection(ProjectConfigurationPlatforms) = postSolution
		{DB88ED88-45A9-4F4D-9A64-82BBE6042027}.Debug|Any CPU.ActiveCfg = Debug|Any CPU
		{DB88ED88-45A9-4F4D-9A64-82BBE6042027}.Debug|Any CPU.Build.0 = Debug|Any CPU
		{DB88ED88-45A9-4F4D-9A64-82BBE6042027}.Release|Any CPU.ActiveCfg = Release|Any CPU
		{DB88ED88-45A9-4F4D-9A64-82BBE6042027}.Release|Any CPU.Build.0 = Release|Any CPU
	EndGlobalSection
	GlobalSection(SolutionProperties) = preSolution
		HideSolutionNode = FALSE
	EndGlobalSection
	GlobalSection(ExtensibilityGlobals) = postSolution
		SolutionGuid = {4E4A4259-6798-43D9-B302-E59664D85660}
	EndGlobalSection
EndGlobal
