
Microsoft Visual Studio Solution File, Format Version 12.00
# Visual Studio Version 17
VisualStudioVersion = 17.10.35027.167
MinimumVisualStudioVersion = 10.0.40219.1
Project("{FAE04EC0-301F-11D3-BF4B-00C04F79EFBC}") = "NoVowels", "NoVowels.csproj", "{2D244604-751D-4E96-ADF5-616ADCC4B291}"
EndProject
Global
	GlobalSection(SolutionConfigurationPlatforms) = preSolution
		Debug|Any CPU = Debug|Any CPU
		Release|Any CPU = Release|Any CPU
	EndGlobalSection
	GlobalSection(ProjectConfigurationPlatforms) = postSolution
		{2D244604-751D-4E96-ADF5-616ADCC4B291}.Debug|Any CPU.ActiveCfg = Debug|Any CPU
		{2D244604-751D-4E96-ADF5-616ADCC4B291}.Debug|Any CPU.Build.0 = Debug|Any CPU
		{2D244604-751D-4E96-ADF5-616ADCC4B291}.Release|Any CPU.ActiveCfg = Release|Any CPU
		{2D244604-751D-4E96-ADF5-616ADCC4B291}.Release|Any CPU.Build.0 = Release|Any CPU
	EndGlobalSection
	GlobalSection(SolutionProperties) = preSolution
		HideSolutionNode = FALSE
	EndGlobalSection
	GlobalSection(ExtensibilityGlobals) = postSolution
		SolutionGuid = {AB375D58-2630-4E5A-B4E6-0B05C74F2F26}
	EndGlobalSection
EndGlobal
