
Microsoft Visual Studio Solution File, Format Version 12.00
# Visual Studio Version 17
VisualStudioVersion = 17.10.35027.167
MinimumVisualStudioVersion = 10.0.40219.1
Project("{FAE04EC0-301F-11D3-BF4B-00C04F79EFBC}") = "Char_UTF", "Char_UTF.csproj", "{ABBFA5CC-3216-44BD-80C7-B57CB1AA15F3}"
EndProject
Global
	GlobalSection(SolutionConfigurationPlatforms) = preSolution
		Debug|Any CPU = Debug|Any CPU
		Release|Any CPU = Release|Any CPU
	EndGlobalSection
	GlobalSection(ProjectConfigurationPlatforms) = postSolution
		{ABBFA5CC-3216-44BD-80C7-B57CB1AA15F3}.Debug|Any CPU.ActiveCfg = Debug|Any CPU
		{ABBFA5CC-3216-44BD-80C7-B57CB1AA15F3}.Debug|Any CPU.Build.0 = Debug|Any CPU
		{ABBFA5CC-3216-44BD-80C7-B57CB1AA15F3}.Release|Any CPU.ActiveCfg = Release|Any CPU
		{ABBFA5CC-3216-44BD-80C7-B57CB1AA15F3}.Release|Any CPU.Build.0 = Release|Any CPU
	EndGlobalSection
	GlobalSection(SolutionProperties) = preSolution
		HideSolutionNode = FALSE
	EndGlobalSection
	GlobalSection(ExtensibilityGlobals) = postSolution
		SolutionGuid = {450A5CBA-0E6E-4D4D-A5F0-C5ACE88960EF}
	EndGlobalSection
EndGlobal
