
Microsoft Visual Studio Solution File, Format Version 12.00
# Visual Studio Version 17
VisualStudioVersion = 17.10.35027.167
MinimumVisualStudioVersion = 10.0.40219.1
Project("{FAE04EC0-301F-11D3-BF4B-00C04F79EFBC}") = "DownWithInheritence", "DownWithInheritence.csproj", "{14C01FBA-5794-4662-BFA9-87406F73E3DD}"
EndProject
Global
	GlobalSection(SolutionConfigurationPlatforms) = preSolution
		Debug|Any CPU = Debug|Any CPU
		Release|Any CPU = Release|Any CPU
	EndGlobalSection
	GlobalSection(ProjectConfigurationPlatforms) = postSolution
		{14C01FBA-5794-4662-BFA9-87406F73E3DD}.Debug|Any CPU.ActiveCfg = Debug|Any CPU
		{14C01FBA-5794-4662-BFA9-87406F73E3DD}.Debug|Any CPU.Build.0 = Debug|Any CPU
		{14C01FBA-5794-4662-BFA9-87406F73E3DD}.Release|Any CPU.ActiveCfg = Release|Any CPU
		{14C01FBA-5794-4662-BFA9-87406F73E3DD}.Release|Any CPU.Build.0 = Release|Any CPU
	EndGlobalSection
	GlobalSection(SolutionProperties) = preSolution
		HideSolutionNode = FALSE
	EndGlobalSection
	GlobalSection(ExtensibilityGlobals) = postSolution
		SolutionGuid = {22A6FD27-B584-4BBF-BB7F-032986EDC82F}
	EndGlobalSection
EndGlobal
