
Microsoft Visual Studio Solution File, Format Version 12.00
# Visual Studio Version 17
VisualStudioVersion = 17.13.35828.75 d17.13
MinimumVisualStudioVersion = 10.0.40219.1
Project("{FAE04EC0-301F-11D3-BF4B-00C04F79EFBC}") = "EventsInDelegate", "EventsInDelegate\EventsInDelegate.csproj", "{5BEFA8EB-C63C-4A0A-8171-21C4F8FC91CE}"
EndProject
Global
	GlobalSection(SolutionConfigurationPlatforms) = preSolution
		Debug|Any CPU = Debug|Any CPU
		Release|Any CPU = Release|Any CPU
	EndGlobalSection
	GlobalSection(ProjectConfigurationPlatforms) = postSolution
		{5BEFA8EB-C63C-4A0A-8171-21C4F8FC91CE}.Debug|Any CPU.ActiveCfg = Debug|Any CPU
		{5BEFA8EB-C63C-4A0A-8171-21C4F8FC91CE}.Debug|Any CPU.Build.0 = Debug|Any CPU
		{5BEFA8EB-C63C-4A0A-8171-21C4F8FC91CE}.Release|Any CPU.ActiveCfg = Release|Any CPU
		{5BEFA8EB-C63C-4A0A-8171-21C4F8FC91CE}.Release|Any CPU.Build.0 = Release|Any CPU
	EndGlobalSection
	GlobalSection(SolutionProperties) = preSolution
		HideSolutionNode = FALSE
	EndGlobalSection
	GlobalSection(ExtensibilityGlobals) = postSolution
		SolutionGuid = {841120E4-5721-467C-825A-ECCD07F7C341}
	EndGlobalSection
EndGlobal
