
Microsoft Visual Studio Solution File, Format Version 12.00
# Visual Studio Version 17
VisualStudioVersion = 17.13.35828.75 d17.13
MinimumVisualStudioVersion = 10.0.40219.1
Project("{FAE04EC0-301F-11D3-BF4B-00C04F79EFBC}") = "MathMagic", "MathMagic\MathMagic.csproj", "{E2FECB0E-6E07-443C-9173-946A3A7D18CC}"
EndProject
Global
	GlobalSection(SolutionConfigurationPlatforms) = preSolution
		Debug|Any CPU = Debug|Any CPU
		Release|Any CPU = Release|Any CPU
	EndGlobalSection
	GlobalSection(ProjectConfigurationPlatforms) = postSolution
		{E2FECB0E-6E07-443C-9173-946A3A7D18CC}.Debug|Any CPU.ActiveCfg = Debug|Any CPU
		{E2FECB0E-6E07-443C-9173-946A3A7D18CC}.Debug|Any CPU.Build.0 = Debug|Any CPU
		{E2FECB0E-6E07-443C-9173-946A3A7D18CC}.Release|Any CPU.ActiveCfg = Release|Any CPU
		{E2FECB0E-6E07-443C-9173-946A3A7D18CC}.Release|Any CPU.Build.0 = Release|Any CPU
	EndGlobalSection
	GlobalSection(SolutionProperties) = preSolution
		HideSolutionNode = FALSE
	EndGlobalSection
	GlobalSection(ExtensibilityGlobals) = postSolution
		SolutionGuid = {B3276E0D-A6E9-49B3-8F18-401C18B4FE74}
	EndGlobalSection
EndGlobal
