
Microsoft Visual Studio Solution File, Format Version 12.00
# Visual Studio Version 17
VisualStudioVersion = 17.10.35027.167
MinimumVisualStudioVersion = 10.0.40219.1
Project("{FAE04EC0-301F-11D3-BF4B-00C04F79EFBC}") = "HexaToDec", "HexaToDec.csproj", "{EA67092B-C0C1-49ED-9499-A381C9A305BD}"
EndProject
Global
	GlobalSection(SolutionConfigurationPlatforms) = preSolution
		Debug|Any CPU = Debug|Any CPU
		Release|Any CPU = Release|Any CPU
	EndGlobalSection
	GlobalSection(ProjectConfigurationPlatforms) = postSolution
		{EA67092B-C0C1-49ED-9499-A381C9A305BD}.Debug|Any CPU.ActiveCfg = Debug|Any CPU
		{EA67092B-C0C1-49ED-9499-A381C9A305BD}.Debug|Any CPU.Build.0 = Debug|Any CPU
		{EA67092B-C0C1-49ED-9499-A381C9A305BD}.Release|Any CPU.ActiveCfg = Release|Any CPU
		{EA67092B-C0C1-49ED-9499-A381C9A305BD}.Release|Any CPU.Build.0 = Release|Any CPU
	EndGlobalSection
	GlobalSection(SolutionProperties) = preSolution
		HideSolutionNode = FALSE
	EndGlobalSection
	GlobalSection(ExtensibilityGlobals) = postSolution
		SolutionGuid = {0F8F0F47-6422-4078-9170-E666F12C7959}
	EndGlobalSection
EndGlobal
