
Microsoft Visual Studio Solution File, Format Version 12.00
# Visual Studio Version 17
VisualStudioVersion = 17.10.35027.167
MinimumVisualStudioVersion = 10.0.40219.1
Project("{FAE04EC0-301F-11D3-BF4B-00C04F79EFBC}") = "CompareLastNameAndListAlphabetical", "CompareLastNameAndListAlphabetical.csproj", "{C3FEBB03-A1BC-4B14-8B83-0665B31518F1}"
EndProject
Global
	GlobalSection(SolutionConfigurationPlatforms) = preSolution
		Debug|Any CPU = Debug|Any CPU
		Release|Any CPU = Release|Any CPU
	EndGlobalSection
	GlobalSection(ProjectConfigurationPlatforms) = postSolution
		{C3FEBB03-A1BC-4B14-8B83-0665B31518F1}.Debug|Any CPU.ActiveCfg = Debug|Any CPU
		{C3FEBB03-A1BC-4B14-8B83-0665B31518F1}.Debug|Any CPU.Build.0 = Debug|Any CPU
		{C3FEBB03-A1BC-4B14-8B83-0665B31518F1}.Release|Any CPU.ActiveCfg = Release|Any CPU
		{C3FEBB03-A1BC-4B14-8B83-0665B31518F1}.Release|Any CPU.Build.0 = Release|Any CPU
	EndGlobalSection
	GlobalSection(SolutionProperties) = preSolution
		HideSolutionNode = FALSE
	EndGlobalSection
	GlobalSection(ExtensibilityGlobals) = postSolution
		SolutionGuid = {87BD7E67-8B26-44E9-B485-700326E65302}
	EndGlobalSection
EndGlobal
