
Microsoft Visual Studio Solution File, Format Version 12.00
# Visual Studio Version 17
VisualStudioVersion = 17.10.35027.167
MinimumVisualStudioVersion = 10.0.40219.1
Project("{FAE04EC0-301F-11D3-BF4B-00C04F79EFBC}") = "armstrongNumber", "armstrongNumber.csproj", "{1A252755-9417-421C-BD71-3C7D45F50646}"
EndProject
Global
	GlobalSection(SolutionConfigurationPlatforms) = preSolution
		Debug|Any CPU = Debug|Any CPU
		Release|Any CPU = Release|Any CPU
	EndGlobalSection
	GlobalSection(ProjectConfigurationPlatforms) = postSolution
		{1A252755-9417-421C-BD71-3C7D45F50646}.Debug|Any CPU.ActiveCfg = Debug|Any CPU
		{1A252755-9417-421C-BD71-3C7D45F50646}.Debug|Any CPU.Build.0 = Debug|Any CPU
		{1A252755-9417-421C-BD71-3C7D45F50646}.Release|Any CPU.ActiveCfg = Release|Any CPU
		{1A252755-9417-421C-BD71-3C7D45F50646}.Release|Any CPU.Build.0 = Release|Any CPU
	EndGlobalSection
	GlobalSection(SolutionProperties) = preSolution
		HideSolutionNode = FALSE
	EndGlobalSection
	GlobalSection(ExtensibilityGlobals) = postSolution
		SolutionGuid = {005A1B67-49EE-4436-B8C6-8387C5A74D9A}
	EndGlobalSection
EndGlobal
