
Microsoft Visual Studio Solution File, Format Version 12.00
# Visual Studio Version 17
VisualStudioVersion = 17.10.35027.167
MinimumVisualStudioVersion = 10.0.40219.1
Project("{FAE04EC0-301F-11D3-BF4B-00C04F79EFBC}") = "CountDifferentCharaters", "CountDifferentCharaters.csproj", "{C46B4AB4-2573-4EBC-A8FB-2867607B7669}"
EndProject
Global
	GlobalSection(SolutionConfigurationPlatforms) = preSolution
		Debug|Any CPU = Debug|Any CPU
		Release|Any CPU = Release|Any CPU
	EndGlobalSection
	GlobalSection(ProjectConfigurationPlatforms) = postSolution
		{C46B4AB4-2573-4EBC-A8FB-2867607B7669}.Debug|Any CPU.ActiveCfg = Debug|Any CPU
		{C46B4AB4-2573-4EBC-A8FB-2867607B7669}.Debug|Any CPU.Build.0 = Debug|Any CPU
		{C46B4AB4-2573-4EBC-A8FB-2867607B7669}.Release|Any CPU.ActiveCfg = Release|Any CPU
		{C46B4AB4-2573-4EBC-A8FB-2867607B7669}.Release|Any CPU.Build.0 = Release|Any CPU
	EndGlobalSection
	GlobalSection(SolutionProperties) = preSolution
		HideSolutionNode = FALSE
	EndGlobalSection
	GlobalSection(ExtensibilityGlobals) = postSolution
		SolutionGuid = {BB3E7983-5B0A-4CA7-A5B8-38F9D315AD52}
	EndGlobalSection
EndGlobal
