
Microsoft Visual Studio Solution File, Format Version 12.00
# Visual Studio Version 17
VisualStudioVersion = 17.14.36908.2 d17.14
MinimumVisualStudioVersion = 10.0.40219.1
Project("{FAE04EC0-301F-11D3-BF4B-00C04F79EFBC}") = "ClassBook", "ClassBook\ClassBook.csproj", "{68AB6D9F-0EA0-4D34-B1D2-296330B8D0FC}"
EndProject
Global
	GlobalSection(SolutionConfigurationPlatforms) = preSolution
		Debug|Any CPU = Debug|Any CPU
		Release|Any CPU = Release|Any CPU
	EndGlobalSection
	GlobalSection(ProjectConfigurationPlatforms) = postSolution
		{68AB6D9F-0EA0-4D34-B1D2-296330B8D0FC}.Debug|Any CPU.ActiveCfg = Debug|Any CPU
		{68AB6D9F-0EA0-4D34-B1D2-296330B8D0FC}.Debug|Any CPU.Build.0 = Debug|Any CPU
		{68AB6D9F-0EA0-4D34-B1D2-296330B8D0FC}.Release|Any CPU.ActiveCfg = Release|Any CPU
		{68AB6D9F-0EA0-4D34-B1D2-296330B8D0FC}.Release|Any CPU.Build.0 = Release|Any CPU
	EndGlobalSection
	GlobalSection(SolutionProperties) = preSolution
		HideSolutionNode = FALSE
	EndGlobalSection
	GlobalSection(ExtensibilityGlobals) = postSolution
		SolutionGuid = {2EE3B2A6-F515-4972-961F-2B71C6EA7DA6}
	EndGlobalSection
EndGlobal
